
Microsoft Visual Studio Solution File, Format Version 12.00
# Visual Studio Version 16
VisualStudioVersion = 16.0.34301.259
MinimumVisualStudioVersion = 10.0.40219.1
Project("{FAE04EC0-301F-11D3-BF4B-00C04F79EFBC}") = "PIHidDotName Csharp Sample", "PIHidDotName Csharp Sample\PIHidDotName Csharp Sample.csproj", "{FD2EC5EF-060C-4FC4-8C1A-2DA08768AF55}"
EndProject
Project("{2150E333-8FDC-42A3-9474-1A3956D46DE8}") = "Solution Items", "Solution Items", "{8663D76D-D919-4584-BBCD-B84104A4D7ED}"
	ProjectSection(SolutionItems) = preProject
		..\.gitignore = ..\.gitignore
	EndProjectSection
EndProject
Project("{FAE04EC0-301F-11D3-BF4B-00C04F79EFBC}") = "PIEDeviceEx", "PIEDeviceEx\PIEDeviceEx.csproj", "{BE1FFF7D-C829-4030-B49C-9D6EA301BD76}"
EndProject
Global
	GlobalSection(SolutionConfigurationPlatforms) = preSolution
		Debug|Any CPU = Debug|Any CPU
		Release|Any CPU = Release|Any CPU
	EndGlobalSection
	GlobalSection(ProjectConfigurationPlatforms) = postSolution
		{FD2EC5EF-060C-4FC4-8C1A-2DA08768AF55}.Debug|Any CPU.ActiveCfg = Debug|Any CPU
		{FD2EC5EF-060C-4FC4-8C1A-2DA08768AF55}.Debug|Any CPU.Build.0 = Debug|Any CPU
		{FD2EC5EF-060C-4FC4-8C1A-2DA08768AF55}.Release|Any CPU.ActiveCfg = Release|Any CPU
		{FD2EC5EF-060C-4FC4-8C1A-2DA08768AF55}.Release|Any CPU.Build.0 = Release|Any CPU
		{BE1FFF7D-C829-4030-B49C-9D6EA301BD76}.Debug|Any CPU.ActiveCfg = Debug|Any CPU
		{BE1FFF7D-C829-4030-B49C-9D6EA301BD76}.Debug|Any CPU.Build.0 = Debug|Any CPU
		{BE1FFF7D-C829-4030-B49C-9D6EA301BD76}.Release|Any CPU.ActiveCfg = Release|Any CPU
		{BE1FFF7D-C829-4030-B49C-9D6EA301BD76}.Release|Any CPU.Build.0 = Release|Any CPU
	EndGlobalSection
	GlobalSection(SolutionProperties) = preSolution
		HideSolutionNode = FALSE
	EndGlobalSection
	GlobalSection(ExtensibilityGlobals) = postSolution
		SolutionGuid = {6EC845AA-0CCA-48DC-905A-7543BA1399F0}
	EndGlobalSection
EndGlobal
